{
  "name": "@yardfjs/dataset",
  "version": "0.0.0",
  "lockfileVersion": 1,
  "requires": true,
  "dependencies": {
    "@aws-crypto/ie11-detection": {
      "version": "2.0.0",
      "resolved": "https://registry.npmjs.org/@aws-crypto/ie11-detection/-/ie11-detection-2.0.0.tgz",
      "integrity": "sha512-pkVXf/dq6PITJ0jzYZ69VhL8VFOFoPZLZqtU/12SGnzYuJOOGNfF41q9GxdI1yqC8R13Rq3jOLKDFpUJFT5eTA==",
      "requires": {
        "tslib": "^1.11.1"
      }
    },
    "@aws-crypto/sha256-browser": {
      "version": "2.0.1",
      "resolved": "https://registry.npmjs.org/@aws-crypto/sha256-browser/-/sha256-browser-2.0.1.tgz",
      "integrity": "sha512-P4Af7E2iJqZN2HYMdWINEg++OC2CtP1ygTx6WQCzZISQA+i3Q+K3E8S8t/PSYqUnvtfh5XVjbFT9uA+4IT8C2w==",
      "requires": {
        "@aws-crypto/ie11-detection": "^2.0.0",
        "@aws-crypto/sha256-js": "^2.0.1",
        "@aws-crypto/supports-web-crypto": "^2.0.0",
        "@aws-crypto/util": "^2.0.1",
        "@aws-sdk/types": "^3.1.0",
        "@aws-sdk/util-locate-window": "^3.0.0",
        "@aws-sdk/util-utf8-browser": "^3.0.0",
        "tslib": "^1.11.1"
      }
    },
    "@aws-crypto/sha256-js": {
      "version": "2.0.1",
      "resolved": "https://registry.npmjs.org/@aws-crypto/sha256-js/-/sha256-js-2.0.1.tgz",
      "integrity": "sha512-mbHTBSPBvg6o/mN/c18Z/zifM05eJrapj5ggoOIeHIWckvkv5VgGi7r/wYpt+QAO2ySKXLNvH2d8L7bne4xrMQ==",
      "requires": {
        "@aws-crypto/util": "^2.0.1",
        "@aws-sdk/types": "^3.1.0",
        "tslib": "^1.11.1"
      }
    },
    "@aws-crypto/sha256-universal": {
      "version": "2.0.1",
      "resolved": "https://registry.npmjs.org/@aws-crypto/sha256-universal/-/sha256-universal-2.0.1.tgz",
      "integrity": "sha512-vqsLnSCoUva4/CXIah458HjaFfQHTWODQXPcAQe8qcB1ENoQliqvQTYefdh7omIbf21W5ZCVHPQ4rZF8bFdBGw==",
      "requires": {
        "@aws-crypto/sha256-browser": "^2.0.1",
        "@aws-sdk/hash-node": "^3.0.0",
        "@aws-sdk/types": "^3.1.0",
        "tslib": "^1.11.1"
      }
    },
    "@aws-crypto/supports-web-crypto": {
      "version": "2.0.0",
      "resolved": "https://registry.npmjs.org/@aws-crypto/supports-web-crypto/-/supports-web-crypto-2.0.0.tgz",
      "integrity": "sha512-Ge7WQ3E0OC7FHYprsZV3h0QIcpdyJLvIeg+uTuHqRYm8D6qCFJoiC+edSzSyFiHtZf+NOQDJ1q46qxjtzIY2nA==",
      "requires": {
        "tslib": "^1.11.1"
      }
    },
    "@aws-crypto/util": {
      "version": "2.0.1",
      "resolved": "https://registry.npmjs.org/@aws-crypto/util/-/util-2.0.1.tgz",
      "integrity": "sha512-JJmFFwvbm08lULw4Nm5QOLg8+lAQeC8aCXK5xrtxntYzYXCGfHwUJ4Is3770Q7HmICsXthGQ+ZsDL7C2uH3yBQ==",
      "requires": {
        "@aws-sdk/types": "^3.1.0",
        "@aws-sdk/util-utf8-browser": "^3.0.0",
        "tslib": "^1.11.1"
      }
    },
    "@aws-sdk/hash-node": {
      "version": "3.78.0",
      "resolved": "https://registry.npmjs.org/@aws-sdk/hash-node/-/hash-node-3.78.0.tgz",
      "integrity": "sha512-ev48yXaqZVtMeuKy52LUZPHCyKvkKQ9uiUebqkA+zFxIk+eN8SMPFHmsififIHWuS6ZkXBUSctjH9wmLebH60A==",
      "requires": {
        "@aws-sdk/types": "3.78.0",
        "@aws-sdk/util-buffer-from": "3.55.0",
        "tslib": "^2.3.1"
      },
      "dependencies": {
        "tslib": {
          "version": "2.4.0",
          "resolved": "https://registry.npmjs.org/tslib/-/tslib-2.4.0.tgz",
          "integrity": "sha512-d6xOpEDfsi2CZVlPQzGeux8XMwLT9hssAsaPYExaQMuYskwb+x1x7J371tWlbBdWHroy99KnVB6qIkUbs5X3UQ=="
        }
      }
    },
    "@aws-sdk/is-array-buffer": {
      "version": "3.55.0",
      "resolved": "https://registry.npmjs.org/@aws-sdk/is-array-buffer/-/is-array-buffer-3.55.0.tgz",
      "integrity": "sha512-NbiPHVYuPxdqdFd6FxzzN3H1BQn/iWA3ri3Ry7AyLeP/tGs1yzEWMwf8BN8TSMALI0GXT6Sh0GDWy3Ok5xB6DA==",
      "requires": {
        "tslib": "^2.3.1"
      },
      "dependencies": {
        "tslib": {
          "version": "2.4.0",
          "resolved": "https://registry.npmjs.org/tslib/-/tslib-2.4.0.tgz",
          "integrity": "sha512-d6xOpEDfsi2CZVlPQzGeux8XMwLT9hssAsaPYExaQMuYskwb+x1x7J371tWlbBdWHroy99KnVB6qIkUbs5X3UQ=="
        }
      }
    },
    "@aws-sdk/types": {
      "version": "3.78.0",
      "resolved": "https://registry.npmjs.org/@aws-sdk/types/-/types-3.78.0.tgz",
      "integrity": "sha512-I9PTlVNSbwhIgMfmDM5as1tqRIkVZunjVmfogb2WVVPp4CaX0Ll01S0FSMSLL9k6tcQLXqh45pFRjrxCl9WKdQ=="
    },
    "@aws-sdk/util-buffer-from": {
      "version": "3.55.0",
      "resolved": "https://registry.npmjs.org/@aws-sdk/util-buffer-from/-/util-buffer-from-3.55.0.tgz",
      "integrity": "sha512-uVzKG1UgvnV7XX2FPTylBujYMKBPBaq/qFBxfl0LVNfrty7YjpfieQxAe6yRLD+T0Kir/WDQwGvYC+tOYG3IGA==",
      "requires": {
        "@aws-sdk/is-array-buffer": "3.55.0",
        "tslib": "^2.3.1"
      },
      "dependencies": {
        "tslib": {
          "version": "2.4.0",
          "resolved": "https://registry.npmjs.org/tslib/-/tslib-2.4.0.tgz",
          "integrity": "sha512-d6xOpEDfsi2CZVlPQzGeux8XMwLT9hssAsaPYExaQMuYskwb+x1x7J371tWlbBdWHroy99KnVB6qIkUbs5X3UQ=="
        }
      }
    },
    "@aws-sdk/util-locate-window": {
      "version": "3.55.0",
      "resolved": "https://registry.npmjs.org/@aws-sdk/util-locate-window/-/util-locate-window-3.55.0.tgz",
      "integrity": "sha512-0sPmK2JaJE2BbTcnvybzob/VrFKCXKfN4CUKcvn0yGg/me7Bz+vtzQRB3Xp+YSx+7OtWxzv63wsvHoAnXvgxgg==",
      "requires": {
        "tslib": "^2.3.1"
      },
      "dependencies": {
        "tslib": {
          "version": "2.4.0",
          "resolved": "https://registry.npmjs.org/tslib/-/tslib-2.4.0.tgz",
          "integrity": "sha512-d6xOpEDfsi2CZVlPQzGeux8XMwLT9hssAsaPYExaQMuYskwb+x1x7J371tWlbBdWHroy99KnVB6qIkUbs5X3UQ=="
        }
      }
    },
    "@aws-sdk/util-utf8-browser": {
      "version": "3.55.0",
      "resolved": "https://registry.npmjs.org/@aws-sdk/util-utf8-browser/-/util-utf8-browser-3.55.0.tgz",
      "integrity": "sha512-ljzqJcyjfJpEVSIAxwtIS8xMRUly84BdjlBXyp6cu4G8TUufgjNS31LWdhyGhgmW5vYBNr+LTz0Kwf6J+ou7Ug==",
      "requires": {
        "tslib": "^2.3.1"
      },
      "dependencies": {
        "tslib": {
          "version": "2.4.0",
          "resolved": "https://registry.npmjs.org/tslib/-/tslib-2.4.0.tgz",
          "integrity": "sha512-d6xOpEDfsi2CZVlPQzGeux8XMwLT9hssAsaPYExaQMuYskwb+x1x7J371tWlbBdWHroy99KnVB6qIkUbs5X3UQ=="
        }
      }
    },
    "tslib": {
      "version": "1.14.1",
      "resolved": "https://registry.npmjs.org/tslib/-/tslib-1.14.1.tgz",
      "integrity": "sha512-Xni35NKzjgMrwevysHTCArtLDpPvye8zV/0E4EyYn43P7/7qvQwPh9BGkHewbMulVntbigmcT7rdX3BNo9wRJg=="
    }
  }
}
